// !$*UTF8*$!
{
	archiveVersion = 1;
	classes = {
	};
	objectVersion = 56;
	objects = {

/* Begin PBXBuildFile section */
		AC0F7F51296D6922007A36AD /* GoogleService-Info.plist in Resources */ = {isa = PBXBuildFile; fileRef = AC0F7F50296D6922007A36AD /* GoogleService-Info.plist */; };
		AC0F7F53296D71F1007A36AD /* ImagePicker.swift in Sources */ = {isa = PBXBuildFile; fileRef = AC0F7F52296D71F1007A36AD /* ImagePicker.swift */; };
		AC0F7F58296D7C38007A36AD /* FirebaseAuth in Frameworks */ = {isa = PBXBuildFile; productRef = AC0F7F57296D7C38007A36AD /* FirebaseAuth */; };
		AC0F7F5A296D7C38007A36AD /* FirebaseFirestore in Frameworks */ = {isa = PBXBuildFile; productRef = AC0F7F59296D7C38007A36AD /* FirebaseFirestore */; };
		AC0F7F5C296D7C38007A36AD /* FirebaseStorage in Frameworks */ = {isa = PBXBuildFile; productRef = AC0F7F5B296D7C38007A36AD /* FirebaseStorage */; };
		AC0F7F5F296DB0B2007A36AD /* MainMessagesView.swift in Sources */ = {isa = PBXBuildFile; fileRef = AC0F7F5E296DB0B2007A36AD /* MainMessagesView.swift */; };
		AC0F7F62296DBCA7007A36AD /* FirebaseManager.swift in Sources */ = {isa = PBXBuildFile; fileRef = AC0F7F61296DBCA7007A36AD /* FirebaseManager.swift */; };
		AC0F7F68296DD226007A36AD /* ChatUser.swift in Sources */ = {isa = PBXBuildFile; fileRef = AC0F7F67296DD226007A36AD /* ChatUser.swift */; };
		ACAE87D1296D603F00509517 /* betterChatApp.swift in Sources */ = {isa = PBXBuildFile; fileRef = ACAE87D0296D603F00509517 /* betterChatApp.swift */; };
		ACAE87D3296D603F00509517 /* LoginView.swift in Sources */ = {isa = PBXBuildFile; fileRef = ACAE87D2296D603F00509517 /* LoginView.swift */; };
		ACAE87D5296D604000509517 /* Assets.xcassets in Resources */ = {isa = PBXBuildFile; fileRef = ACAE87D4296D604000509517 /* Assets.xcassets */; };
		ACAE87D8296D604000509517 /* Preview Assets.xcassets in Resources */ = {isa = PBXBuildFile; fileRef = ACAE87D7296D604000509517 /* Preview Assets.xcassets */; };
/* End PBXBuildFile section */

/* Begin PBXFileReference section */
		AC0F7F50296D6922007A36AD /* GoogleService-Info.plist */ = {isa = PBXFileReference; fileEncoding = 4; lastKnownFileType = text.plist.xml; path = "GoogleService-Info.plist"; sourceTree = "<group>"; };
		AC0F7F52296D71F1007A36AD /* ImagePicker.swift */ = {isa = PBXFileReference; lastKnownFileType = sourcecode.swift; path = ImagePicker.swift; sourceTree = "<group>"; };
		AC0F7F5E296DB0B2007A36AD /* MainMessagesView.swift */ = {isa = PBXFileReference; lastKnownFileType = sourcecode.swift; path = MainMessagesView.swift; sourceTree = "<group>"; };
		AC0F7F61296DBCA7007A36AD /* FirebaseManager.swift */ = {isa = PBXFileReference; lastKnownFileType = sourcecode.swift; path = FirebaseManager.swift; sourceTree = "<group>"; };
		AC0F7F67296DD226007A36AD /* ChatUser.swift */ = {isa = PBXFileReference; lastKnownFileType = sourcecode.swift; path = ChatUser.swift; sourceTree = "<group>"; };
		ACAE87CD296D603F00509517 /* betterChat.app */ = {isa = PBXFileReference; explicitFileType = wrapper.application; includeInIndex = 0; path = betterChat.app; sourceTree = BUILT_PRODUCTS_DIR; };
		ACAE87D0296D603F00509517 /* betterChatApp.swift */ = {isa = PBXFileReference; lastKnownFileType = sourcecode.swift; path = betterChatApp.swift; sourceTree = "<group>"; };
		ACAE87D2296D603F00509517 /* LoginView.swift */ = {isa = PBXFileReference; lastKnownFileType = sourcecode.swift; path = LoginView.swift; sourceTree = "<group>"; };
		ACAE87D4296D604000509517 /* Assets.xcassets */ = {isa = PBXFileReference; lastKnownFileType = folder.assetcatalog; path = Assets.xcassets; sourceTree = "<group>"; };
		ACAE87D7296D604000509517 /* Preview Assets.xcassets */ = {isa = PBXFileReference; lastKnownFileType = folder.assetcatalog; path = "Preview Assets.xcassets"; sourceTree = "<group>"; };
/* End PBXFileReference section */

/* Begin PBXFrameworksBuildPhase section */
		ACAE87CA296D603F00509517 /* Frameworks */ = {
			isa = PBXFrameworksBuildPhase;
			buildActionMask = 2147483647;
			files = (
				AC0F7F58296D7C38007A36AD /* FirebaseAuth in Frameworks */,
				AC0F7F5A296D7C38007A36AD /* FirebaseFirestore in Frameworks */,
				AC0F7F5C296D7C38007A36AD /* FirebaseStorage in Frameworks */,
			);
			runOnlyForDeploymentPostprocessing = 0;
		};
/* End PBXFrameworksBuildPhase section */

/* Begin PBXGroup section */
		AC0F7F5D296DB08E007A36AD /* MainMessages */ = {
			isa = PBXGroup;
			children = (
				AC0F7F5E296DB0B2007A36AD /* MainMessagesView.swift */,
			);
			path = MainMessages;
			sourceTree = "<group>";
		};
		AC0F7F60296DBC96007A36AD /* Utils */ = {
			isa = PBXGroup;
			children = (
				AC0F7F61296DBCA7007A36AD /* FirebaseManager.swift */,
			);
			path = Utils;
			sourceTree = "<group>";
		};
		AC0F7F66296DD20F007A36AD /* Model */ = {
			isa = PBXGroup;
			children = (
				AC0F7F67296DD226007A36AD /* ChatUser.swift */,
			);
			path = Model;
			sourceTree = "<group>";
		};
		ACAE87C4296D603F00509517 = {
			isa = PBXGroup;
			children = (
				ACAE87CF296D603F00509517 /* betterChat */,
				ACAE87CE296D603F00509517 /* Products */,
			);
			sourceTree = "<group>";
		};
		ACAE87CE296D603F00509517 /* Products */ = {
			isa = PBXGroup;
			children = (
				ACAE87CD296D603F00509517 /* betterChat.app */,
			);
			name = Products;
			sourceTree = "<group>";
		};
		ACAE87CF296D603F00509517 /* betterChat */ = {
			isa = PBXGroup;
			children = (
				AC0F7F66296DD20F007A36AD /* Model */,
				AC0F7F60296DBC96007A36AD /* Utils */,
				AC0F7F5D296DB08E007A36AD /* MainMessages */,
				ACAE87D0296D603F00509517 /* betterChatApp.swift */,
				ACAE87D2296D603F00509517 /* LoginView.swift */,
				AC0F7F52296D71F1007A36AD /* ImagePicker.swift */,
				ACAE87D4296D604000509517 /* Assets.xcassets */,
				AC0F7F50296D6922007A36AD /* GoogleService-Info.plist */,
				ACAE87D6296D604000509517 /* Preview Content */,
			);
			path = betterChat;
			sourceTree = "<group>";
		};
		ACAE87D6296D604000509517 /* Preview Content */ = {
			isa = PBXGroup;
			children = (
				ACAE87D7296D604000509517 /* Preview Assets.xcassets */,
			);
			path = "Preview Content";
			sourceTree = "<group>";
		};
/* End PBXGroup section */

/* Begin PBXNativeTarget section */
		ACAE87CC296D603F00509517 /* betterChat */ = {
			isa = PBXNativeTarget;
			buildConfigurationList = ACAE87DB296D604000509517 /* Build configuration list for PBXNativeTarget "betterChat" */;
			buildPhases = (
				ACAE87C9296D603F00509517 /* Sources */,
				ACAE87CA296D603F00509517 /* Frameworks */,
				ACAE87CB296D603F00509517 /* Resources */,
			);
			buildRules = (
			);
			dependencies = (
			);
			name = betterChat;
			packageProductDependencies = (
				AC0F7F57296D7C38007A36AD /* FirebaseAuth */,
				AC0F7F59296D7C38007A36AD /* FirebaseFirestore */,
				AC0F7F5B296D7C38007A36AD /* FirebaseStorage */,
			);
			productName = betterChat;
			productReference = ACAE87CD296D603F00509517 /* betterChat.app */;
			productType = "com.apple.product-type.application";
		};
/* End PBXNativeTarget section */

/* Begin PBXProject section */
		ACAE87C5296D603F00509517 /* Project object */ = {
			isa = PBXProject;
			attributes = {
				BuildIndependentTargetsInParallel = 1;
				LastSwiftUpdateCheck = 1410;
				LastUpgradeCheck = 1410;
				TargetAttributes = {
					ACAE87CC296D603F00509517 = {
						CreatedOnToolsVersion = 14.1;
					};
				};
			};
			buildConfigurationList = ACAE87C8296D603F00509517 /* Build configuration list for PBXProject "betterChat" */;
			compatibilityVersion = "Xcode 14.0";
			developmentRegion = en;
			hasScannedForEncodings = 0;
			knownRegions = (
				en,
				Base,
			);
			mainGroup = ACAE87C4296D603F00509517;
			packageReferences = (
				AC0F7F56296D7C38007A36AD /* XCRemoteSwiftPackageReference "firebase-ios-sdk" */,
			);
			productRefGroup = ACAE87CE296D603F00509517 /* Products */;
			projectDirPath = "";
			projectRoot = "";
			targets = (
				ACAE87CC296D603F00509517 /* betterChat */,
			);
		};
/* End PBXProject section */

/* Begin PBXResourcesBuildPhase section */
		ACAE87CB296D603F00509517 /* Resources */ = {
			isa = PBXResourcesBuildPhase;
			buildActionMask = 2147483647;
			files = (
				ACAE87D8296D604000509517 /* Preview Assets.xcassets in Resources */,
				ACAE87D5296D604000509517 /* Assets.xcassets in Resources */,
				AC0F7F51296D6922007A36AD /* GoogleService-Info.plist in Resources */,
			);
			runOnlyForDeploymentPostprocessing = 0;
		};
/* End PBXResourcesBuildPhase section */

/* Begin PBXSourcesBuildPhase section */
		ACAE87C9296D603F00509517 /* Sources */ = {
			isa = PBXSourcesBuildPhase;
			buildActionMask = 2147483647;
			files = (
				AC0F7F68296DD226007A36AD /* ChatUser.swift in Sources */,
				AC0F7F53296D71F1007A36AD /* ImagePicker.swift in Sources */,
				AC0F7F5F296DB0B2007A36AD /* MainMessagesView.swift in Sources */,
				AC0F7F62296DBCA7007A36AD /* FirebaseManager.swift in Sources */,
				ACAE87D3296D603F00509517 /* LoginView.swift in Sources */,
				ACAE87D1296D603F00509517 /* betterChatApp.swift in Sources */,
			);
			runOnlyForDeploymentPostprocessing = 0;
		};
/* End PBXSourcesBuildPhase section */

/* Begin XCBuildConfiguration section */
		ACAE87D9296D604000509517 /* Debug */ = {
			isa = XCBuildConfiguration;
			buildSettings = {
				ALWAYS_SEARCH_USER_PATHS = NO;
				CLANG_ANALYZER_NONNULL = YES;
				CLANG_ANALYZER_NUMBER_OBJECT_CONVERSION = YES_AGGRESSIVE;
				CLANG_CXX_LANGUAGE_STANDARD = "gnu++20";
				CLANG_ENABLE_MODULES = YES;
				CLANG_ENABLE_OBJC_ARC = YES;
				CLANG_ENABLE_OBJC_WEAK = YES;
				CLANG_WARN_BLOCK_CAPTURE_AUTORELEASING = YES;
				CLANG_WARN_BOOL_CONVERSION = YES;
				CLANG_WARN_COMMA = YES;
				CLANG_WARN_CONSTANT_CONVERSION = YES;
				CLANG_WARN_DEPRECATED_OBJC_IMPLEMENTATIONS = YES;
				CLANG_WARN_DIRECT_OBJC_ISA_USAGE = YES_ERROR;
				CLANG_WARN_DOCUMENTATION_COMMENTS = YES;
				CLANG_WARN_EMPTY_BODY = YES;
				CLANG_WARN_ENUM_CONVERSION = YES;
				CLANG_WARN_INFINITE_RECURSION = YES;
				CLANG_WARN_INT_CONVERSION = YES;
				CLANG_WARN_NON_LITERAL_NULL_CONVERSION = YES;
				CLANG_WARN_OBJC_IMPLICIT_RETAIN_SELF = YES;
				CLANG_WARN_OBJC_LITERAL_CONVERSION = YES;
				CLANG_WARN_OBJC_ROOT_CLASS = YES_ERROR;
				CLANG_WARN_QUOTED_INCLUDE_IN_FRAMEWORK_HEADER = YES;
				CLANG_WARN_RANGE_LOOP_ANALYSIS = YES;
				CLANG_WARN_STRICT_PROTOTYPES = YES;
				CLANG_WARN_SUSPICIOUS_MOVE = YES;
				CLANG_WARN_UNGUARDED_AVAILABILITY = YES_AGGRESSIVE;
				CLANG_WARN_UNREACHABLE_CODE = YES;
				CLANG_WARN__DUPLICATE_METHOD_MATCH = YES;
				COPY_PHASE_STRIP = NO;
				DEBUG_INFORMATION_FORMAT = dwarf;
				ENABLE_STRICT_OBJC_MSGSEND = YES;
				ENABLE_TESTABILITY = YES;
				GCC_C_LANGUAGE_STANDARD = gnu11;
				GCC_DYNAMIC_NO_PIC = NO;
				GCC_NO_COMMON_BLOCKS = YES;
				GCC_OPTIMIZATION_LEVEL = 0;
				GCC_PREPROCESSOR_DEFINITIONS = (
					"DEBUG=1",
					"$(inherited)",
				);
				GCC_WARN_64_TO_32_BIT_CONVERSION = YES;
				GCC_WARN_ABOUT_RETURN_TYPE = YES_ERROR;
				GCC_WARN_UNDECLARED_SELECTOR = YES;
				GCC_WARN_UNINITIALIZED_AUTOS = YES_AGGRESSIVE;
				GCC_WARN_UNUSED_FUNCTION = YES;
				GCC_WARN_UNUSED_VARIABLE = YES;
				IPHONEOS_DEPLOYMENT_TARGET = 16.1;
				MTL_ENABLE_DEBUG_INFO = INCLUDE_SOURCE;
				MTL_FAST_MATH = YES;
				ONLY_ACTIVE_ARCH = YES;
				SDKROOT = iphoneos;
				SWIFT_ACTIVE_COMPILATION_CONDITIONS = DEBUG;
				SWIFT_OPTIMIZATION_LEVEL = "-Onone";
			};
			name = Debug;
		};
		ACAE87DA296D604000509517 /* Release */ = {
			isa = XCBuildConfiguration;
			buildSettings = {
				ALWAYS_SEARCH_USER_PATHS = NO;
				CLANG_ANALYZER_NONNULL = YES;
				CLANG_ANALYZER_NUMBER_OBJECT_CONVERSION = YES_AGGRESSIVE;
				CLANG_CXX_LANGUAGE_STANDARD = "gnu++20";
				CLANG_ENABLE_MODULES = YES;
				CLANG_ENABLE_OBJC_ARC = YES;
				CLANG_ENABLE_OBJC_WEAK = YES;
				CLANG_WARN_BLOCK_CAPTURE_AUTORELEASING = YES;
				CLANG_WARN_BOOL_CONVERSION = YES;
				CLANG_WARN_COMMA = YES;
				CLANG_WARN_CONSTANT_CONVERSION = YES;
				CLANG_WARN_DEPRECATED_OBJC_IMPLEMENTATIONS = YES;
				CLANG_WARN_DIRECT_OBJC_ISA_USAGE = YES_ERROR;
				CLANG_WARN_DOCUMENTATION_COMMENTS = YES;
				CLANG_WARN_EMPTY_BODY = YES;
				CLANG_WARN_ENUM_CONVERSION = YES;
				CLANG_WARN_INFINITE_RECURSION = YES;
				CLANG_WARN_INT_CONVERSION = YES;
				CLANG_WARN_NON_LITERAL_NULL_CONVERSION = YES;
				CLANG_WARN_OBJC_IMPLICIT_RETAIN_SELF = YES;
				CLANG_WARN_OBJC_LITERAL_CONVERSION = YES;
				CLANG_WARN_OBJC_ROOT_CLASS = YES_ERROR;
				CLANG_WARN_QUOTED_INCLUDE_IN_FRAMEWORK_HEADER = YES;
				CLANG_WARN_RANGE_LOOP_ANALYSIS = YES;
				CLANG_WARN_STRICT_PROTOTYPES = YES;
				CLANG_WARN_SUSPICIOUS_MOVE = YES;
				CLANG_WARN_UNGUARDED_AVAILABILITY = YES_AGGRESSIVE;
				CLANG_WARN_UNREACHABLE_CODE = YES;
				CLANG_WARN__DUPLICATE_METHOD_MATCH = YES;
				COPY_PHASE_STRIP = NO;
				DEBUG_INFORMATION_FORMAT = "dwarf-with-dsym";
				ENABLE_NS_ASSERTIONS = NO;
				ENABLE_STRICT_OBJC_MSGSEND = YES;
				GCC_C_LANGUAGE_STANDARD = gnu11;
				GCC_NO_COMMON_BLOCKS = YES;
				GCC_WARN_64_TO_32_BIT_CONVERSION = YES;
				GCC_WARN_ABOUT_RETURN_TYPE = YES_ERROR;
				GCC_WARN_UNDECLARED_SELECTOR = YES;
				GCC_WARN_UNINITIALIZED_AUTOS = YES_AGGRESSIVE;
				GCC_WARN_UNUSED_FUNCTION = YES;
				GCC_WARN_UNUSED_VARIABLE = YES;
				IPHONEOS_DEPLOYMENT_TARGET = 16.1;
				MTL_ENABLE_DEBUG_INFO = NO;
				MTL_FAST_MATH = YES;
				SDKROOT = iphoneos;
				SWIFT_COMPILATION_MODE = wholemodule;
				SWIFT_OPTIMIZATION_LEVEL = "-O";
				VALIDATE_PRODUCT = YES;
			};
			name = Release;
		};
		ACAE87DC296D604000509517 /* Debug */ = {
			isa = XCBuildConfiguration;
			buildSettings = {
				ASSETCATALOG_COMPILER_APPICON_NAME = AppIcon;
				ASSETCATALOG_COMPILER_GLOBAL_ACCENT_COLOR_NAME = AccentColor;
				CODE_SIGN_STYLE = Automatic;
				CURRENT_PROJECT_VERSION = 1;
				DEVELOPMENT_ASSET_PATHS = "\"betterChat/Preview Content\"";
				DEVELOPMENT_TEAM = NUUAUT9ZDU;
				ENABLE_PREVIEWS = YES;
				GENERATE_INFOPLIST_FILE = YES;
				INFOPLIST_KEY_UIApplicationSceneManifest_Generation = YES;
				INFOPLIST_KEY_UIApplicationSupportsIndirectInputEvents = YES;
				INFOPLIST_KEY_UILaunchScreen_Generation = YES;
				INFOPLIST_KEY_UISupportedInterfaceOrientations_iPad = "UIInterfaceOrientationPortrait UIInterfaceOrientationPortraitUpsideDown UIInterfaceOrientationLandscapeLeft UIInterfaceOrientationLandscapeRight";
				INFOPLIST_KEY_UISupportedInterfaceOrientations_iPhone = "UIInterfaceOrientationPortrait UIInterfaceOrientationLandscapeLeft UIInterfaceOrientationLandscapeRight";
				LD_RUNPATH_SEARCH_PATHS = (
					"$(inherited)",
					"@executable_path/Frameworks",
				);
				MARKETING_VERSION = 1.0;
				PRODUCT_BUNDLE_IDENTIFIER = com.horovenko.betterChat;
				PRODUCT_NAME = "$(TARGET_NAME)";
				SWIFT_EMIT_LOC_STRINGS = YES;
				SWIFT_VERSION = 5.0;
				TARGETED_DEVICE_FAMILY = "1,2";
			};
			name = Debug;
		};
		ACAE87DD296D604000509517 /* Release */ = {
			isa = XCBuildConfiguration;
			buildSettings = {
				ASSETCATALOG_COMPILER_APPICON_NAME = AppIcon;
				ASSETCATALOG_COMPILER_GLOBAL_ACCENT_COLOR_NAME = AccentColor;
				CODE_SIGN_STYLE = Automatic;
				CURRENT_PROJECT_VERSION = 1;
				DEVELOPMENT_ASSET_PATHS = "\"betterChat/Preview Content\"";
				DEVELOPMENT_TEAM = NUUAUT9ZDU;
				ENABLE_PREVIEWS = YES;
				GENERATE_INFOPLIST_FILE = YES;
				INFOPLIST_KEY_UIApplicationSceneManifest_Generation = YES;
				INFOPLIST_KEY_UIApplicationSupportsIndirectInputEvents = YES;
				INFOPLIST_KEY_UILaunchScreen_Generation = YES;
				INFOPLIST_KEY_UISupportedInterfaceOrientations_iPad = "UIInterfaceOrientationPortrait UIInterfaceOrientationPortraitUpsideDown UIInterfaceOrientationLandscapeLeft UIInterfaceOrientationLandscapeRight";
				INFOPLIST_KEY_UISupportedInterfaceOrientations_iPhone = "UIInterfaceOrientationPortrait UIInterfaceOrientationLandscapeLeft UIInterfaceOrientationLandscapeRight";
				LD_RUNPATH_SEARCH_PATHS = (
					"$(inherited)",
					"@executable_path/Frameworks",
				);
				MARKETING_VERSION = 1.0;
				PRODUCT_BUNDLE_IDENTIFIER = com.horovenko.betterChat;
				PRODUCT_NAME = "$(TARGET_NAME)";
				SWIFT_EMIT_LOC_STRINGS = YES;
				SWIFT_VERSION = 5.0;
				TARGETED_DEVICE_FAMILY = "1,2";
			};
			name = Release;
		};
/* End XCBuildConfiguration section */

/* Begin XCConfigurationList section */
		ACAE87C8296D603F00509517 /* Build configuration list for PBXProject "betterChat" */ = {
			isa = XCConfigurationList;
			buildConfigurations = (
				ACAE87D9296D604000509517 /* Debug */,
				ACAE87DA296D604000509517 /* Release */,
			);
			defaultConfigurationIsVisible = 0;
			defaultConfigurationName = Release;
		};
		ACAE87DB296D604000509517 /* Build configuration list for PBXNativeTarget "betterChat" */ = {
			isa = XCConfigurationList;
			buildConfigurations = (
				ACAE87DC296D604000509517 /* Debug */,
				ACAE87DD296D604000509517 /* Release */,
			);
			defaultConfigurationIsVisible = 0;
			defaultConfigurationName = Release;
		};
/* End XCConfigurationList section */

/* Begin XCRemoteSwiftPackageReference section */
		AC0F7F56296D7C38007A36AD /* XCRemoteSwiftPackageReference "firebase-ios-sdk" */ = {
			isa = XCRemoteSwiftPackageReference;
			repositoryURL = "https://github.com/firebase/firebase-ios-sdk";
			requirement = {
				kind = upToNextMajorVersion;
				minimumVersion = 9.0.0;
			};
		};
/* End XCRemoteSwiftPackageReference section */

/* Begin XCSwiftPackageProductDependency section */
		AC0F7F57296D7C38007A36AD /* FirebaseAuth */ = {
			isa = XCSwiftPackageProductDependency;
			package = AC0F7F56296D7C38007A36AD /* XCRemoteSwiftPackageReference "firebase-ios-sdk" */;
			productName = FirebaseAuth;
		};
		AC0F7F59296D7C38007A36AD /* FirebaseFirestore */ = {
			isa = XCSwiftPackageProductDependency;
			package = AC0F7F56296D7C38007A36AD /* XCRemoteSwiftPackageReference "firebase-ios-sdk" */;
			productName = FirebaseFirestore;
		};
		AC0F7F5B296D7C38007A36AD /* FirebaseStorage */ = {
			isa = XCSwiftPackageProductDependency;
			package = AC0F7F56296D7C38007A36AD /* XCRemoteSwiftPackageReference "firebase-ios-sdk" */;
			productName = FirebaseStorage;
		};
/* End XCSwiftPackageProductDependency section */
	};
	rootObject = ACAE87C5296D603F00509517 /* Project object */;
}
